
Microsoft Visual Studio Solution File, Format Version 9.00
# Visual C++ Express 2005
Project("{8BC9CEB8-8B4A-11D0-8D11-00A0C91BC942}") = "ktrace_ctl", "ktrace_ctl.vcproj", "{4DC01C50-3309-4F2F-BA75-D2ECEC264F9E}"
EndProject
Global
	GlobalSection(SolutionConfigurationPlatforms) = preSolution
		Debug|Win32 = Debug|Win32
		Release|Win32 = Release|Win32
	EndGlobalSection
	GlobalSection(ProjectConfigurationPlatforms) = postSolution
		{4DC01C50-3309-4F2F-BA75-D2ECEC264F9E}.Debug|Win32.ActiveCfg = Debug|Win32
		{4DC01C50-3309-4F2F-BA75-D2ECEC264F9E}.Debug|Win32.Build.0 = Debug|Win32
		{4DC01C50-3309-4F2F-BA75-D2ECEC264F9E}.Release|Win32.ActiveCfg = Release|Win32
		{4DC01C50-3309-4F2F-BA75-D2ECEC264F9E}.Release|Win32.Build.0 = Release|Win32
	EndGlobalSection
	GlobalSection(SolutionProperties) = preSolution
		HideSolutionNode = FALSE
	EndGlobalSection
EndGlobal
